
Microsoft Visual Studio Solution File, Format Version 12.00
# Visual Studio Version 16
VisualStudioVersion = 16.0.33130.400
MinimumVisualStudioVersion = 10.0.40219.1
Project("{FAE04EC0-301F-11D3-BF4B-00C04F79EFBC}") = "TestCodeFirst", "TestCodeFirst.csproj", "{DD716F42-654D-4E6D-9CAB-DDC74F10B47A}"
EndProject
Project("{FAE04EC0-301F-11D3-BF4B-00C04F79EFBC}") = "BECodeFirst", "..\BECodeFirst\BECodeFirst.csproj", "{EA750013-A23D-4830-AAC2-A246CFEF0757}"
EndProject
Project("{FAE04EC0-301F-11D3-BF4B-00C04F79EFBC}") = "GameEntity", "..\GameEntity\GameEntity.csproj", "{9F4235D9-D4D6-48CA-B80E-30197076477E}"
EndProject
Global
	GlobalSection(SolutionConfigurationPlatforms) = preSolution
		Debug|Any CPU = Debug|Any CPU
		Release|Any CPU = Release|Any CPU
	EndGlobalSection
	GlobalSection(ProjectConfigurationPlatforms) = postSolution
		{DD716F42-654D-4E6D-9CAB-DDC74F10B47A}.Debug|Any CPU.ActiveCfg = Debug|Any CPU
		{DD716F42-654D-4E6D-9CAB-DDC74F10B47A}.Debug|Any CPU.Build.0 = Debug|Any CPU
		{DD716F42-654D-4E6D-9CAB-DDC74F10B47A}.Release|Any CPU.ActiveCfg = Release|Any CPU
		{DD716F42-654D-4E6D-9CAB-DDC74F10B47A}.Release|Any CPU.Build.0 = Release|Any CPU
		{EA750013-A23D-4830-AAC2-A246CFEF0757}.Debug|Any CPU.ActiveCfg = Debug|Any CPU
		{EA750013-A23D-4830-AAC2-A246CFEF0757}.Debug|Any CPU.Build.0 = Debug|Any CPU
		{EA750013-A23D-4830-AAC2-A246CFEF0757}.Release|Any CPU.ActiveCfg = Release|Any CPU
		{EA750013-A23D-4830-AAC2-A246CFEF0757}.Release|Any CPU.Build.0 = Release|Any CPU
		{9F4235D9-D4D6-48CA-B80E-30197076477E}.Debug|Any CPU.ActiveCfg = Debug|Any CPU
		{9F4235D9-D4D6-48CA-B80E-30197076477E}.Debug|Any CPU.Build.0 = Debug|Any CPU
		{9F4235D9-D4D6-48CA-B80E-30197076477E}.Release|Any CPU.ActiveCfg = Release|Any CPU
		{9F4235D9-D4D6-48CA-B80E-30197076477E}.Release|Any CPU.Build.0 = Release|Any CPU
	EndGlobalSection
	GlobalSection(SolutionProperties) = preSolution
		HideSolutionNode = FALSE
	EndGlobalSection
	GlobalSection(ExtensibilityGlobals) = postSolution
		SolutionGuid = {7F3048AD-A92A-4B8B-AF19-81DD80F668F6}
	EndGlobalSection
EndGlobal
